
Microsoft Visual Studio Solution File, Format Version 12.00
# Visual Studio Version 16
VisualStudioVersion = 16.0.30330.147
MinimumVisualStudioVersion = 10.0.40219.1
Project("{FAE04EC0-301F-11D3-BF4B-00C04F79EFBC}") = "ButonApp", "ButonApp\ButonApp.csproj", "{60755E2B-F305-4867-BF76-C00230DFB91F}"
EndProject
Global
	GlobalSection(SolutionConfigurationPlatforms) = preSolution
		Debug|Any CPU = Debug|Any CPU
		Release|Any CPU = Release|Any CPU
	EndGlobalSection
	GlobalSection(ProjectConfigurationPlatforms) = postSolution
		{60755E2B-F305-4867-BF76-C00230DFB91F}.Debug|Any CPU.ActiveCfg = Debug|Any CPU
		{60755E2B-F305-4867-BF76-C00230DFB91F}.Debug|Any CPU.Build.0 = Debug|Any CPU
		{60755E2B-F305-4867-BF76-C00230DFB91F}.Release|Any CPU.ActiveCfg = Release|Any CPU
		{60755E2B-F305-4867-BF76-C00230DFB91F}.Release|Any CPU.Build.0 = Release|Any CPU
	EndGlobalSection
	GlobalSection(SolutionProperties) = preSolution
		HideSolutionNode = FALSE
	EndGlobalSection
	GlobalSection(ExtensibilityGlobals) = postSolution
		SolutionGuid = {751C1F66-C755-4CFA-ACFF-B0B14C7129BB}
	EndGlobalSection
EndGlobal
